{
  "nodes": {
    "comfyui-src": {
      "flake": false,
      "locked": {
        "lastModified": 1781488042,
        "narHash": "sha256-TSo7ZyZGih7G3OW0P7tEjStU3uZlhja1e1F50/YAScc=",
        "ref": "refs/heads/master",
        "rev": "4388eb781ab35c612c14d86d346b4663640c30e6",
        "revCount": 5442,
        "type": "git",
        "url": "file:///home/deng/comfy/ComfyUI"
      },
      "original": {
        "type": "git",
        "url": "file:///home/deng/comfy/ComfyUI"
      }
    },
    "nixpkgs": {
      "locked": {
        "lastModified": 1781074563,
        "narHash": "sha256-md8WlXOlfnIeHeOScMTTHFyf2d6iaTwPl2apR5EQ3P4=",
        "owner": "NixOS",
        "repo": "nixpkgs",
        "rev": "9ae611a455b90cf061d8f332b977e387bda8e1ca",
        "type": "github"
      },
      "original": {
        "owner": "NixOS",
        "ref": "nixos-unstable",
        "repo": "nixpkgs",
        "type": "github"
      }
    },
    "root": {
      "inputs": {
        "comfyui-src": "comfyui-src",
        "nixpkgs": "nixpkgs"
      }
    }
  },
  "root": "root",
  "version": 7
}
